{
  "name": "atlas-world-client",
  "version": "1.0.0",
  "lockfileVersion": 3,
  "requires": true,
  "packages": {
    "": {
      "name": "atlas-world-client",
      "version": "1.0.0",
      "license": "MIT",
      "dependencies": {
        "@heroiclabs/nakama-js": "^2.7.0",
        "ws": "^8.14.2"
      },
      "devDependencies": {
        "@types/node": "^20.0.0",
        "@types/ws": "^8.5.0",
        "typescript": "^5.0.0"
      }
    },
    "node_modules/@heroiclabs/nakama-js": {
      "version": "2.8.0",
      "resolved": "https://registry.npmjs.org/@heroiclabs/nakama-js/-/nakama-js-2.8.0.tgz",
      "integrity": "sha512-E3bH/pqosASGHmVttsa708UjoLYkzZ4Sy3JUZV0TMK3oZK19QVyKrWhqjwyFwvKI2WyVf30xiRD+2ffvmfpw4A==",
      "license": "Apache-2.0",
      "dependencies": {
        "@scarf/scarf": "^1.1.1",
        "base64-arraybuffer": "^1.0.2",
        "js-base64": "^3.7.4",
        "whatwg-fetch": "^3.6.2"
      }
    },
    "node_modules/@scarf/scarf": {
      "version": "1.4.0",
      "resolved": "https://registry.npmjs.org/@scarf/scarf/-/scarf-1.4.0.tgz",
      "integrity": "sha512-xxeapPiUXdZAE3che6f3xogoJPeZgig6omHEy1rIY5WVsB3H2BHNnZH+gHG6x91SCWyQCzWGsuL2Hh3ClO5/qQ==",
      "hasInstallScript": true,
      "license": "Apache-2.0"
    },
    "node_modules/@types/node": {
      "version": "20.19.17",
      "resolved": "https://registry.npmjs.org/@types/node/-/node-20.19.17.tgz",
      "integrity": "sha512-gfehUI8N1z92kygssiuWvLiwcbOB3IRktR6hTDgJlXMYh5OvkPSRmgfoBUmfZt+vhwJtX7v1Yw4KvvAf7c5QKQ==",
      "dev": true,
      "license": "MIT",
      "dependencies": {
        "undici-types": "~6.21.0"
      }
    },
    "node_modules/@types/ws": {
      "version": "8.18.1",
      "resolved": "https://registry.npmjs.org/@types/ws/-/ws-8.18.1.tgz",
      "integrity": "sha512-ThVF6DCVhA8kUGy+aazFQ4kXQ7E1Ty7A3ypFOe0IcJV8O/M511G99AW24irKrW56Wt44yG9+ij8FaqoBGkuBXg==",
      "dev": true,
      "license": "MIT",
      "dependencies": {
        "@types/node": "*"
      }
    },
    "node_modules/base64-arraybuffer": {
      "version": "1.0.2",
      "resolved": "https://registry.npmjs.org/base64-arraybuffer/-/base64-arraybuffer-1.0.2.tgz",
      "integrity": "sha512-I3yl4r9QB5ZRY3XuJVEPfc2XhZO6YweFPI+UovAzn+8/hb3oJ6lnysaFcjVpkCPfVWFUDvoZ8kmVDP7WyRtYtQ==",
      "license": "MIT",
      "engines": {
        "node": ">= 0.6.0"
      }
    },
    "node_modules/js-base64": {
      "version": "3.7.8",
      "resolved": "https://registry.npmjs.org/js-base64/-/js-base64-3.7.8.tgz",
      "integrity": "sha512-hNngCeKxIUQiEUN3GPJOkz4wF/YvdUdbNL9hsBcMQTkKzboD7T/q3OYOuuPZLUE6dBxSGpwhk5mwuDud7JVAow==",
      "license": "BSD-3-Clause"
    },
    "node_modules/typescript": {
      "version": "5.9.2",
      "resolved": "https://registry.npmjs.org/typescript/-/typescript-5.9.2.tgz",
      "integrity": "sha512-CWBzXQrc/qOkhidw1OzBTQuYRbfyxDXJMVJ1XNwUHGROVmuaeiEm3OslpZ1RV96d7SKKjZKrSJu3+t/xlw3R9A==",
      "dev": true,
      "license": "Apache-2.0",
      "bin": {
        "tsc": "bin/tsc",
        "tsserver": "bin/tsserver"
      },
      "engines": {
        "node": ">=14.17"
      }
    },
    "node_modules/undici-types": {
      "version": "6.21.0",
      "resolved": "https://registry.npmjs.org/undici-types/-/undici-types-6.21.0.tgz",
      "integrity": "sha512-iwDZqg0QAGrg9Rav5H4n0M64c3mkR59cJ6wQp+7C4nI0gsmExaedaYLNO44eT4AtBBwjbTiGPMlt2Md0T9H9JQ==",
      "dev": true,
      "license": "MIT"
    },
    "node_modules/whatwg-fetch": {
      "version": "3.6.20",
      "resolved": "https://registry.npmjs.org/whatwg-fetch/-/whatwg-fetch-3.6.20.tgz",
      "integrity": "sha512-EqhiFU6daOA8kpjOWTL0olhVOF3i7OrFzSYiGsEMB8GcXS+RrzauAERX65xMeNWVqxA6HXH2m69Z9LaKKdisfg==",
      "license": "MIT"
    },
    "node_modules/ws": {
      "version": "8.18.3",
      "resolved": "https://registry.npmjs.org/ws/-/ws-8.18.3.tgz",
      "integrity": "sha512-PEIGCY5tSlUt50cqyMXfCzX+oOPqN0vuGqWzbcJ2xvnkzkq46oOpz7dQaTDBdfICb4N14+GARUDw2XV2N4tvzg==",
      "license": "MIT",
      "engines": {
        "node": ">=10.0.0"
      },
      "peerDependencies": {
        "bufferutil": "^4.0.1",
        "utf-8-validate": ">=5.0.2"
      },
      "peerDependenciesMeta": {
        "bufferutil": {
          "optional": true
        },
        "utf-8-validate": {
          "optional": true
        }
      }
    }
  }
}
